// !$*UTF8*$!
{
	archiveVersion = 1;
	classes = {
	};
	objectVersion = 56;
	objects = {

/* Begin PBXBuildFile section */
		A10000000000000000000001 /* ObdJeepApp.swift in Sources */ = {isa = PBXBuildFile; fileRef = A20000000000000000000001 /* ObdJeepApp.swift */; };
		A10000000000000000000002 /* ObdTransport.swift in Sources */ = {isa = PBXBuildFile; fileRef = A20000000000000000000002 /* ObdTransport.swift */; };
		A10000000000000000000003 /* BleObdTransport.swift in Sources */ = {isa = PBXBuildFile; fileRef = A20000000000000000000003 /* BleObdTransport.swift */; };
		A10000000000000000000004 /* MockObdTransport.swift in Sources */ = {isa = PBXBuildFile; fileRef = A20000000000000000000004 /* MockObdTransport.swift */; };
		A10000000000000000000005 /* DiagnosticLogEntry.swift in Sources */ = {isa = PBXBuildFile; fileRef = A20000000000000000000005 /* DiagnosticLogEntry.swift */; };
		A10000000000000000000006 /* Elm327Client.swift in Sources */ = {isa = PBXBuildFile; fileRef = A20000000000000000000006 /* Elm327Client.swift */; };
		A10000000000000000000007 /* ObdPid.swift in Sources */ = {isa = PBXBuildFile; fileRef = A20000000000000000000007 /* ObdPid.swift */; };
		A10000000000000000000008 /* ObdValueParser.swift in Sources */ = {isa = PBXBuildFile; fileRef = A20000000000000000000008 /* ObdValueParser.swift */; };
		A10000000000000000000009 /* ObdDashboardViewModel.swift in Sources */ = {isa = PBXBuildFile; fileRef = A20000000000000000000009 /* ObdDashboardViewModel.swift */; };
		A1000000000000000000000A /* ContentView.swift in Sources */ = {isa = PBXBuildFile; fileRef = A2000000000000000000000A /* ContentView.swift */; };
		A1000000000000000000000B /* DashboardView.swift in Sources */ = {isa = PBXBuildFile; fileRef = A2000000000000000000000B /* DashboardView.swift */; };
		A1000000000000000000000C /* GaugeCard.swift in Sources */ = {isa = PBXBuildFile; fileRef = A2000000000000000000000C /* GaugeCard.swift */; };
		A1000000000000000000000D /* DiagnosticsView.swift in Sources */ = {isa = PBXBuildFile; fileRef = A2000000000000000000000D /* DiagnosticsView.swift */; };
		A1000000000000000000000E /* ObdValueParserTests.swift in Sources */ = {isa = PBXBuildFile; fileRef = A2000000000000000000000E /* ObdValueParserTests.swift */; };
		A10000000000000000000011 /* CustomObdPid.swift in Sources */ = {isa = PBXBuildFile; fileRef = A20000000000000000000011 /* CustomObdPid.swift */; };
		A10000000000000000000012 /* ObdCommandPolicy.swift in Sources */ = {isa = PBXBuildFile; fileRef = A20000000000000000000012 /* ObdCommandPolicy.swift */; };
		A10000000000000000000013 /* PidLabLogEntry.swift in Sources */ = {isa = PBXBuildFile; fileRef = A20000000000000000000013 /* PidLabLogEntry.swift */; };
		A10000000000000000000014 /* PidLabExport.swift in Sources */ = {isa = PBXBuildFile; fileRef = A20000000000000000000014 /* PidLabExport.swift */; };
		A10000000000000000000015 /* PidLabView.swift in Sources */ = {isa = PBXBuildFile; fileRef = A20000000000000000000015 /* PidLabView.swift */; };
		A10000000000000000000016 /* ObdCommandPolicyTests.swift in Sources */ = {isa = PBXBuildFile; fileRef = A20000000000000000000016 /* ObdCommandPolicyTests.swift */; };
		A10000000000000000000017 /* Elm327Command.swift in Sources */ = {isa = PBXBuildFile; fileRef = A20000000000000000000017 /* Elm327Command.swift */; };
		A10000000000000000000018 /* Elm327Error.swift in Sources */ = {isa = PBXBuildFile; fileRef = A20000000000000000000018 /* Elm327Error.swift */; };
		A10000000000000000000019 /* Elm327FrameParser.swift in Sources */ = {isa = PBXBuildFile; fileRef = A20000000000000000000019 /* Elm327FrameParser.swift */; };
		A1000000000000000000001A /* Elm327CommandQueue.swift in Sources */ = {isa = PBXBuildFile; fileRef = A2000000000000000000001A /* Elm327CommandQueue.swift */; };
		A1000000000000000000001B /* ObdPollingScheduler.swift in Sources */ = {isa = PBXBuildFile; fileRef = A2000000000000000000001B /* ObdPollingScheduler.swift */; };
		A1000000000000000000001C /* ObdConnectionState.swift in Sources */ = {isa = PBXBuildFile; fileRef = A2000000000000000000001C /* ObdConnectionState.swift */; };
		A1000000000000000000001D /* Elm327FrameParserTests.swift in Sources */ = {isa = PBXBuildFile; fileRef = A2000000000000000000001D /* Elm327FrameParserTests.swift */; };
		A1000000000000000000001E /* Elm327CommandQueueTests.swift in Sources */ = {isa = PBXBuildFile; fileRef = A2000000000000000000001E /* Elm327CommandQueueTests.swift */; };
/* End PBXBuildFile section */

/* Begin PBXContainerItemProxy section */
		A30000000000000000000001 /* PBXContainerItemProxy */ = {
			isa = PBXContainerItemProxy;
			containerPortal = A40000000000000000000001 /* Project object */;
			proxyType = 1;
			remoteGlobalIDString = A50000000000000000000001;
			remoteInfo = ObdJeep;
		};
/* End PBXContainerItemProxy section */

/* Begin PBXFileReference section */
		A20000000000000000000001 /* ObdJeepApp.swift */ = {isa = PBXFileReference; lastKnownFileType = sourcecode.swift; path = ObdJeepApp.swift; sourceTree = "<group>"; };
		A20000000000000000000002 /* ObdTransport.swift */ = {isa = PBXFileReference; lastKnownFileType = sourcecode.swift; path = ObdTransport.swift; sourceTree = "<group>"; };
		A20000000000000000000003 /* BleObdTransport.swift */ = {isa = PBXFileReference; lastKnownFileType = sourcecode.swift; path = BleObdTransport.swift; sourceTree = "<group>"; };
		A20000000000000000000004 /* MockObdTransport.swift */ = {isa = PBXFileReference; lastKnownFileType = sourcecode.swift; path = MockObdTransport.swift; sourceTree = "<group>"; };
		A20000000000000000000005 /* DiagnosticLogEntry.swift */ = {isa = PBXFileReference; lastKnownFileType = sourcecode.swift; path = DiagnosticLogEntry.swift; sourceTree = "<group>"; };
		A20000000000000000000006 /* Elm327Client.swift */ = {isa = PBXFileReference; lastKnownFileType = sourcecode.swift; path = Elm327Client.swift; sourceTree = "<group>"; };
		A20000000000000000000007 /* ObdPid.swift */ = {isa = PBXFileReference; lastKnownFileType = sourcecode.swift; path = ObdPid.swift; sourceTree = "<group>"; };
		A20000000000000000000008 /* ObdValueParser.swift */ = {isa = PBXFileReference; lastKnownFileType = sourcecode.swift; path = ObdValueParser.swift; sourceTree = "<group>"; };
		A20000000000000000000009 /* ObdDashboardViewModel.swift */ = {isa = PBXFileReference; lastKnownFileType = sourcecode.swift; path = ObdDashboardViewModel.swift; sourceTree = "<group>"; };
		A2000000000000000000000A /* ContentView.swift */ = {isa = PBXFileReference; lastKnownFileType = sourcecode.swift; path = ContentView.swift; sourceTree = "<group>"; };
		A2000000000000000000000B /* DashboardView.swift */ = {isa = PBXFileReference; lastKnownFileType = sourcecode.swift; path = DashboardView.swift; sourceTree = "<group>"; };
		A2000000000000000000000C /* GaugeCard.swift */ = {isa = PBXFileReference; lastKnownFileType = sourcecode.swift; path = GaugeCard.swift; sourceTree = "<group>"; };
		A2000000000000000000000D /* DiagnosticsView.swift */ = {isa = PBXFileReference; lastKnownFileType = sourcecode.swift; path = DiagnosticsView.swift; sourceTree = "<group>"; };
		A2000000000000000000000E /* ObdValueParserTests.swift */ = {isa = PBXFileReference; lastKnownFileType = sourcecode.swift; path = ObdValueParserTests.swift; sourceTree = "<group>"; };
		A2000000000000000000000F /* Info.plist */ = {isa = PBXFileReference; lastKnownFileType = text.plist.xml; path = Info.plist; sourceTree = "<group>"; };
		A20000000000000000000010 /* README.md */ = {isa = PBXFileReference; lastKnownFileType = net.daringfireball.markdown; path = README.md; sourceTree = SOURCE_ROOT; };
		A20000000000000000000011 /* CustomObdPid.swift */ = {isa = PBXFileReference; lastKnownFileType = sourcecode.swift; path = CustomObdPid.swift; sourceTree = "<group>"; };
		A20000000000000000000012 /* ObdCommandPolicy.swift */ = {isa = PBXFileReference; lastKnownFileType = sourcecode.swift; path = ObdCommandPolicy.swift; sourceTree = "<group>"; };
		A20000000000000000000013 /* PidLabLogEntry.swift */ = {isa = PBXFileReference; lastKnownFileType = sourcecode.swift; path = PidLabLogEntry.swift; sourceTree = "<group>"; };
		A20000000000000000000014 /* PidLabExport.swift */ = {isa = PBXFileReference; lastKnownFileType = sourcecode.swift; path = PidLabExport.swift; sourceTree = "<group>"; };
		A20000000000000000000015 /* PidLabView.swift */ = {isa = PBXFileReference; lastKnownFileType = sourcecode.swift; path = PidLabView.swift; sourceTree = "<group>"; };
		A20000000000000000000016 /* ObdCommandPolicyTests.swift */ = {isa = PBXFileReference; lastKnownFileType = sourcecode.swift; path = ObdCommandPolicyTests.swift; sourceTree = "<group>"; };
		A20000000000000000000017 /* Elm327Command.swift */ = {isa = PBXFileReference; lastKnownFileType = sourcecode.swift; path = Elm327Command.swift; sourceTree = "<group>"; };
		A20000000000000000000018 /* Elm327Error.swift */ = {isa = PBXFileReference; lastKnownFileType = sourcecode.swift; path = Elm327Error.swift; sourceTree = "<group>"; };
		A20000000000000000000019 /* Elm327FrameParser.swift */ = {isa = PBXFileReference; lastKnownFileType = sourcecode.swift; path = Elm327FrameParser.swift; sourceTree = "<group>"; };
		A2000000000000000000001A /* Elm327CommandQueue.swift */ = {isa = PBXFileReference; lastKnownFileType = sourcecode.swift; path = Elm327CommandQueue.swift; sourceTree = "<group>"; };
		A2000000000000000000001B /* ObdPollingScheduler.swift */ = {isa = PBXFileReference; lastKnownFileType = sourcecode.swift; path = ObdPollingScheduler.swift; sourceTree = "<group>"; };
		A2000000000000000000001C /* ObdConnectionState.swift */ = {isa = PBXFileReference; lastKnownFileType = sourcecode.swift; path = ObdConnectionState.swift; sourceTree = "<group>"; };
		A2000000000000000000001D /* Elm327FrameParserTests.swift */ = {isa = PBXFileReference; lastKnownFileType = sourcecode.swift; path = Elm327FrameParserTests.swift; sourceTree = "<group>"; };
		A2000000000000000000001E /* Elm327CommandQueueTests.swift */ = {isa = PBXFileReference; lastKnownFileType = sourcecode.swift; path = Elm327CommandQueueTests.swift; sourceTree = "<group>"; };
		A60000000000000000000001 /* ObdJeep.app */ = {isa = PBXFileReference; explicitFileType = wrapper.application; includeInIndex = 0; path = ObdJeep.app; sourceTree = BUILT_PRODUCTS_DIR; };
		A60000000000000000000002 /* ObdJeepTests.xctest */ = {isa = PBXFileReference; explicitFileType = wrapper.cfbundle; includeInIndex = 0; path = ObdJeepTests.xctest; sourceTree = BUILT_PRODUCTS_DIR; };
/* End PBXFileReference section */

/* Begin PBXFrameworksBuildPhase section */
		A70000000000000000000001 /* Frameworks */ = {isa = PBXFrameworksBuildPhase; buildActionMask = 2147483647; files = (); runOnlyForDeploymentPostprocessing = 0; };
		A70000000000000000000002 /* Frameworks */ = {isa = PBXFrameworksBuildPhase; buildActionMask = 2147483647; files = (); runOnlyForDeploymentPostprocessing = 0; };
/* End PBXFrameworksBuildPhase section */

/* Begin PBXGroup section */
		A80000000000000000000001 = {
			isa = PBXGroup;
			children = (
				A80000000000000000000002 /* ObdJeep */,
				A80000000000000000000009 /* ObdJeepTests */,
				A20000000000000000000010 /* README.md */,
				A8000000000000000000000A /* Products */,
			);
			sourceTree = "<group>";
		};
		A80000000000000000000002 /* ObdJeep */ = {
			isa = PBXGroup;
			children = (
				A80000000000000000000003 /* App */,
				A80000000000000000000004 /* Bluetooth */,
				A80000000000000000000005 /* Diagnostics */,
				A80000000000000000000006 /* ELM327 */,
				A80000000000000000000007 /* OBD */,
				A80000000000000000000008 /* UI */,
			);
			path = ObdJeep;
			sourceTree = "<group>";
		};
		A80000000000000000000003 /* App */ = {isa = PBXGroup; children = (A20000000000000000000001 /* ObdJeepApp.swift */, A2000000000000000000000F /* Info.plist */); path = App; sourceTree = "<group>"; };
		A80000000000000000000004 /* Bluetooth */ = {isa = PBXGroup; children = (A20000000000000000000002 /* ObdTransport.swift */, A20000000000000000000003 /* BleObdTransport.swift */, A20000000000000000000004 /* MockObdTransport.swift */); path = Bluetooth; sourceTree = "<group>"; };
		A80000000000000000000005 /* Diagnostics */ = {isa = PBXGroup; children = (A20000000000000000000005 /* DiagnosticLogEntry.swift */, A20000000000000000000013 /* PidLabLogEntry.swift */, A20000000000000000000014 /* PidLabExport.swift */); path = Diagnostics; sourceTree = "<group>"; };
		A80000000000000000000006 /* ELM327 */ = {isa = PBXGroup; children = (A20000000000000000000006 /* Elm327Client.swift */, A20000000000000000000017 /* Elm327Command.swift */, A20000000000000000000018 /* Elm327Error.swift */, A20000000000000000000019 /* Elm327FrameParser.swift */, A2000000000000000000001A /* Elm327CommandQueue.swift */); path = ELM327; sourceTree = "<group>"; };
		A80000000000000000000007 /* OBD */ = {isa = PBXGroup; children = (A20000000000000000000007 /* ObdPid.swift */, A20000000000000000000008 /* ObdValueParser.swift */, A20000000000000000000011 /* CustomObdPid.swift */, A20000000000000000000012 /* ObdCommandPolicy.swift */, A2000000000000000000001B /* ObdPollingScheduler.swift */, A2000000000000000000001C /* ObdConnectionState.swift */); path = OBD; sourceTree = "<group>"; };
		A80000000000000000000008 /* UI */ = {isa = PBXGroup; children = (A20000000000000000000009 /* ObdDashboardViewModel.swift */, A2000000000000000000000A /* ContentView.swift */, A2000000000000000000000B /* DashboardView.swift */, A2000000000000000000000C /* GaugeCard.swift */, A2000000000000000000000D /* DiagnosticsView.swift */, A20000000000000000000015 /* PidLabView.swift */); path = UI; sourceTree = "<group>"; };
		A80000000000000000000009 /* ObdJeepTests */ = {isa = PBXGroup; children = (A2000000000000000000000E /* ObdValueParserTests.swift */, A20000000000000000000016 /* ObdCommandPolicyTests.swift */, A2000000000000000000001D /* Elm327FrameParserTests.swift */, A2000000000000000000001E /* Elm327CommandQueueTests.swift */); path = ObdJeepTests; sourceTree = "<group>"; };
		A8000000000000000000000A /* Products */ = {isa = PBXGroup; children = (A60000000000000000000001 /* ObdJeep.app */, A60000000000000000000002 /* ObdJeepTests.xctest */); name = Products; sourceTree = "<group>"; };
/* End PBXGroup section */

/* Begin PBXNativeTarget section */
		A50000000000000000000001 /* ObdJeep */ = {
			isa = PBXNativeTarget;
			buildConfigurationList = A90000000000000000000002 /* Build configuration list for PBXNativeTarget "ObdJeep" */;
			buildPhases = (AA0000000000000000000001 /* Sources */, A70000000000000000000001 /* Frameworks */, AB0000000000000000000001 /* Resources */);
			buildRules = ();
			dependencies = ();
			name = ObdJeep;
			productName = ObdJeep;
			productReference = A60000000000000000000001 /* ObdJeep.app */;
			productType = "com.apple.product-type.application";
		};
		A50000000000000000000002 /* ObdJeepTests */ = {
			isa = PBXNativeTarget;
			buildConfigurationList = A90000000000000000000005 /* Build configuration list for PBXNativeTarget "ObdJeepTests" */;
			buildPhases = (AA0000000000000000000002 /* Sources */, A70000000000000000000002 /* Frameworks */, AB0000000000000000000002 /* Resources */);
			buildRules = ();
			dependencies = (AC0000000000000000000001 /* PBXTargetDependency */);
			name = ObdJeepTests;
			productName = ObdJeepTests;
			productReference = A60000000000000000000002 /* ObdJeepTests.xctest */;
			productType = "com.apple.product-type.bundle.unit-test";
		};
/* End PBXNativeTarget section */

/* Begin PBXProject section */
		A40000000000000000000001 /* Project object */ = {
			isa = PBXProject;
			attributes = {
				BuildIndependentTargetsInParallel = 1;
				LastSwiftUpdateCheck = 1500;
				LastUpgradeCheck = 1500;
				TargetAttributes = {
					A50000000000000000000001 = {CreatedOnToolsVersion = 15.0; };
					A50000000000000000000002 = {CreatedOnToolsVersion = 15.0; TestTargetID = A50000000000000000000001; };
				};
			};
			buildConfigurationList = A90000000000000000000001 /* Build configuration list for PBXProject "ObdJeep" */;
			compatibilityVersion = "Xcode 14.0";
			developmentRegion = en;
			hasScannedForEncodings = 0;
			knownRegions = (en, Base);
			mainGroup = A80000000000000000000001;
			productRefGroup = A8000000000000000000000A /* Products */;
			projectDirPath = "";
			projectRoot = "";
			targets = (A50000000000000000000001 /* ObdJeep */, A50000000000000000000002 /* ObdJeepTests */);
		};
/* End PBXProject section */

/* Begin PBXResourcesBuildPhase section */
		AB0000000000000000000001 /* Resources */ = {isa = PBXResourcesBuildPhase; buildActionMask = 2147483647; files = (); runOnlyForDeploymentPostprocessing = 0; };
		AB0000000000000000000002 /* Resources */ = {isa = PBXResourcesBuildPhase; buildActionMask = 2147483647; files = (); runOnlyForDeploymentPostprocessing = 0; };
/* End PBXResourcesBuildPhase section */

/* Begin PBXSourcesBuildPhase section */
		AA0000000000000000000001 /* Sources */ = {
			isa = PBXSourcesBuildPhase;
			buildActionMask = 2147483647;
			files = (
				A10000000000000000000001 /* ObdJeepApp.swift in Sources */,
				A10000000000000000000002 /* ObdTransport.swift in Sources */,
				A10000000000000000000003 /* BleObdTransport.swift in Sources */,
				A10000000000000000000004 /* MockObdTransport.swift in Sources */,
				A10000000000000000000005 /* DiagnosticLogEntry.swift in Sources */,
				A10000000000000000000006 /* Elm327Client.swift in Sources */,
				A10000000000000000000007 /* ObdPid.swift in Sources */,
				A10000000000000000000008 /* ObdValueParser.swift in Sources */,
				A10000000000000000000009 /* ObdDashboardViewModel.swift in Sources */,
				A1000000000000000000000A /* ContentView.swift in Sources */,
				A1000000000000000000000B /* DashboardView.swift in Sources */,
				A1000000000000000000000C /* GaugeCard.swift in Sources */,
				A1000000000000000000000D /* DiagnosticsView.swift in Sources */,
				A10000000000000000000011 /* CustomObdPid.swift in Sources */,
				A10000000000000000000012 /* ObdCommandPolicy.swift in Sources */,
				A10000000000000000000013 /* PidLabLogEntry.swift in Sources */,
				A10000000000000000000014 /* PidLabExport.swift in Sources */,
				A10000000000000000000015 /* PidLabView.swift in Sources */,
				A10000000000000000000017 /* Elm327Command.swift in Sources */,
				A10000000000000000000018 /* Elm327Error.swift in Sources */,
				A10000000000000000000019 /* Elm327FrameParser.swift in Sources */,
				A1000000000000000000001A /* Elm327CommandQueue.swift in Sources */,
				A1000000000000000000001B /* ObdPollingScheduler.swift in Sources */,
				A1000000000000000000001C /* ObdConnectionState.swift in Sources */,
			);
			runOnlyForDeploymentPostprocessing = 0;
		};
		AA0000000000000000000002 /* Sources */ = {isa = PBXSourcesBuildPhase; buildActionMask = 2147483647; files = (A1000000000000000000000E /* ObdValueParserTests.swift in Sources */, A10000000000000000000016 /* ObdCommandPolicyTests.swift in Sources */, A1000000000000000000001D /* Elm327FrameParserTests.swift in Sources */, A1000000000000000000001E /* Elm327CommandQueueTests.swift in Sources */); runOnlyForDeploymentPostprocessing = 0; };
/* End PBXSourcesBuildPhase section */

/* Begin PBXTargetDependency section */
		AC0000000000000000000001 /* PBXTargetDependency */ = {isa = PBXTargetDependency; target = A50000000000000000000001 /* ObdJeep */; targetProxy = A30000000000000000000001 /* PBXContainerItemProxy */; };
/* End PBXTargetDependency section */

/* Begin XCBuildConfiguration section */
		AD0000000000000000000001 /* Debug */ = {
			isa = XCBuildConfiguration;
			buildSettings = {
				ALWAYS_SEARCH_USER_PATHS = NO;
				CLANG_ANALYZER_NONNULL = YES;
				CLANG_ANALYZER_NUMBER_OBJECT_CONVERSION = YES_AGGRESSIVE;
				CLANG_CXX_LANGUAGE_STANDARD = "gnu++20";
				CLANG_ENABLE_MODULES = YES;
				CLANG_ENABLE_OBJC_ARC = YES;
				CLANG_ENABLE_OBJC_WEAK = YES;
				CLANG_WARN_BLOCK_CAPTURE_AUTORELEASING = YES;
				CLANG_WARN_BOOL_CONVERSION = YES;
				CLANG_WARN_COMMA = YES;
				CLANG_WARN_CONSTANT_CONVERSION = YES;
				CLANG_WARN_DEPRECATED_OBJC_IMPLEMENTATIONS = YES;
				CLANG_WARN_DIRECT_OBJC_ISA_USAGE = YES_ERROR;
				CLANG_WARN_DOCUMENTATION_COMMENTS = YES;
				CLANG_WARN_EMPTY_BODY = YES;
				CLANG_WARN_ENUM_CONVERSION = YES;
				CLANG_WARN_INFINITE_RECURSION = YES;
				CLANG_WARN_INT_CONVERSION = YES;
				CLANG_WARN_NON_LITERAL_NULL_CONVERSION = YES;
				CLANG_WARN_OBJC_IMPLICIT_RETAIN_SELF = YES;
				CLANG_WARN_OBJC_LITERAL_CONVERSION = YES;
				CLANG_WARN_OBJC_ROOT_CLASS = YES_ERROR;
				CLANG_WARN_QUOTED_INCLUDE_IN_FRAMEWORK_HEADER = YES;
				CLANG_WARN_RANGE_LOOP_ANALYSIS = YES;
				CLANG_WARN_STRICT_PROTOTYPES = YES;
				CLANG_WARN_SUSPICIOUS_MOVE = YES;
				CLANG_WARN_UNGUARDED_AVAILABILITY = YES_AGGRESSIVE;
				CLANG_WARN_UNREACHABLE_CODE = YES;
				CLANG_WARN__DUPLICATE_METHOD_MATCH = YES;
				COPY_PHASE_STRIP = NO;
				DEBUG_INFORMATION_FORMAT = dwarf;
				ENABLE_STRICT_OBJC_MSGSEND = YES;
				ENABLE_TESTABILITY = YES;
				GCC_C_LANGUAGE_STANDARD = gnu17;
				GCC_DYNAMIC_NO_PIC = NO;
				GCC_NO_COMMON_BLOCKS = YES;
				GCC_OPTIMIZATION_LEVEL = 0;
				GCC_PREPROCESSOR_DEFINITIONS = ("DEBUG=1", "$(inherited)");
				GCC_WARN_64_TO_32_BIT_CONVERSION = YES;
				GCC_WARN_ABOUT_RETURN_TYPE = YES_ERROR;
				GCC_WARN_UNDECLARED_SELECTOR = YES;
				GCC_WARN_UNINITIALIZED_AUTOS = YES_AGGRESSIVE;
				GCC_WARN_UNUSED_FUNCTION = YES;
				GCC_WARN_UNUSED_VARIABLE = YES;
				IPHONEOS_DEPLOYMENT_TARGET = 17.0;
				MTL_ENABLE_DEBUG_INFO = INCLUDE_SOURCE;
				MTL_FAST_MATH = YES;
				ONLY_ACTIVE_ARCH = YES;
				SDKROOT = iphoneos;
				SWIFT_ACTIVE_COMPILATION_CONDITIONS = DEBUG;
				SWIFT_OPTIMIZATION_LEVEL = "-Onone";
			};
			name = Debug;
		};
		AD0000000000000000000002 /* Release */ = {
			isa = XCBuildConfiguration;
			buildSettings = {
				ALWAYS_SEARCH_USER_PATHS = NO;
				CLANG_ANALYZER_NONNULL = YES;
				CLANG_ANALYZER_NUMBER_OBJECT_CONVERSION = YES_AGGRESSIVE;
				CLANG_CXX_LANGUAGE_STANDARD = "gnu++20";
				CLANG_ENABLE_MODULES = YES;
				CLANG_ENABLE_OBJC_ARC = YES;
				CLANG_ENABLE_OBJC_WEAK = YES;
				CLANG_WARN_BLOCK_CAPTURE_AUTORELEASING = YES;
				CLANG_WARN_BOOL_CONVERSION = YES;
				CLANG_WARN_COMMA = YES;
				CLANG_WARN_CONSTANT_CONVERSION = YES;
				CLANG_WARN_DEPRECATED_OBJC_IMPLEMENTATIONS = YES;
				CLANG_WARN_DIRECT_OBJC_ISA_USAGE = YES_ERROR;
				CLANG_WARN_DOCUMENTATION_COMMENTS = YES;
				CLANG_WARN_EMPTY_BODY = YES;
				CLANG_WARN_ENUM_CONVERSION = YES;
				CLANG_WARN_INFINITE_RECURSION = YES;
				CLANG_WARN_INT_CONVERSION = YES;
				CLANG_WARN_NON_LITERAL_NULL_CONVERSION = YES;
				CLANG_WARN_OBJC_IMPLICIT_RETAIN_SELF = YES;
				CLANG_WARN_OBJC_LITERAL_CONVERSION = YES;
				CLANG_WARN_OBJC_ROOT_CLASS = YES_ERROR;
				CLANG_WARN_QUOTED_INCLUDE_IN_FRAMEWORK_HEADER = YES;
				CLANG_WARN_RANGE_LOOP_ANALYSIS = YES;
				CLANG_WARN_STRICT_PROTOTYPES = YES;
				CLANG_WARN_SUSPICIOUS_MOVE = YES;
				CLANG_WARN_UNGUARDED_AVAILABILITY = YES_AGGRESSIVE;
				CLANG_WARN_UNREACHABLE_CODE = YES;
				CLANG_WARN__DUPLICATE_METHOD_MATCH = YES;
				COPY_PHASE_STRIP = NO;
				DEBUG_INFORMATION_FORMAT = "dwarf-with-dsym";
				ENABLE_NS_ASSERTIONS = NO;
				ENABLE_STRICT_OBJC_MSGSEND = YES;
				GCC_C_LANGUAGE_STANDARD = gnu17;
				GCC_NO_COMMON_BLOCKS = YES;
				GCC_WARN_64_TO_32_BIT_CONVERSION = YES;
				GCC_WARN_ABOUT_RETURN_TYPE = YES_ERROR;
				GCC_WARN_UNDECLARED_SELECTOR = YES;
				GCC_WARN_UNINITIALIZED_AUTOS = YES_AGGRESSIVE;
				GCC_WARN_UNUSED_FUNCTION = YES;
				GCC_WARN_UNUSED_VARIABLE = YES;
				IPHONEOS_DEPLOYMENT_TARGET = 17.0;
				MTL_ENABLE_DEBUG_INFO = NO;
				MTL_FAST_MATH = YES;
				SDKROOT = iphoneos;
				SWIFT_COMPILATION_MODE = wholemodule;
				VALIDATE_PRODUCT = YES;
			};
			name = Release;
		};
		AD0000000000000000000003 /* Debug */ = {
			isa = XCBuildConfiguration;
			buildSettings = {
				CODE_SIGN_STYLE = Automatic;
				CURRENT_PROJECT_VERSION = 1;
				DEVELOPMENT_ASSET_PATHS = "";
				GENERATE_INFOPLIST_FILE = NO;
				INFOPLIST_FILE = ObdJeep/App/Info.plist;
				IPHONEOS_DEPLOYMENT_TARGET = 17.0;
				LD_RUNPATH_SEARCH_PATHS = ("$(inherited)", "@executable_path/Frameworks");
				MARKETING_VERSION = 1.0;
				PRODUCT_BUNDLE_IDENTIFIER = com.example.ObdJeep;
				PRODUCT_NAME = "$(TARGET_NAME)";
				SWIFT_EMIT_LOC_STRINGS = YES;
				SWIFT_VERSION = 5.0;
				TARGETED_DEVICE_FAMILY = "1";
			};
			name = Debug;
		};
		AD0000000000000000000004 /* Release */ = {
			isa = XCBuildConfiguration;
			buildSettings = {
				CODE_SIGN_STYLE = Automatic;
				CURRENT_PROJECT_VERSION = 1;
				DEVELOPMENT_ASSET_PATHS = "";
				GENERATE_INFOPLIST_FILE = NO;
				INFOPLIST_FILE = ObdJeep/App/Info.plist;
				IPHONEOS_DEPLOYMENT_TARGET = 17.0;
				LD_RUNPATH_SEARCH_PATHS = ("$(inherited)", "@executable_path/Frameworks");
				MARKETING_VERSION = 1.0;
				PRODUCT_BUNDLE_IDENTIFIER = com.example.ObdJeep;
				PRODUCT_NAME = "$(TARGET_NAME)";
				SWIFT_EMIT_LOC_STRINGS = YES;
				SWIFT_VERSION = 5.0;
				TARGETED_DEVICE_FAMILY = "1";
			};
			name = Release;
		};
		AD0000000000000000000005 /* Debug */ = {
			isa = XCBuildConfiguration;
			buildSettings = {
				BUNDLE_LOADER = "$(TEST_HOST)";
				CODE_SIGN_STYLE = Automatic;
				GENERATE_INFOPLIST_FILE = YES;
				IPHONEOS_DEPLOYMENT_TARGET = 17.0;
				LD_RUNPATH_SEARCH_PATHS = ("$(inherited)", "@executable_path/Frameworks", "@loader_path/Frameworks");
				PRODUCT_BUNDLE_IDENTIFIER = com.example.ObdJeepTests;
				PRODUCT_NAME = "$(TARGET_NAME)";
				SWIFT_VERSION = 5.0;
				TARGETED_DEVICE_FAMILY = "1";
				TEST_HOST = "$(BUILT_PRODUCTS_DIR)/ObdJeep.app/$(BUNDLE_EXECUTABLE_FOLDER_PATH)/ObdJeep";
			};
			name = Debug;
		};
		AD0000000000000000000006 /* Release */ = {
			isa = XCBuildConfiguration;
			buildSettings = {
				BUNDLE_LOADER = "$(TEST_HOST)";
				CODE_SIGN_STYLE = Automatic;
				GENERATE_INFOPLIST_FILE = YES;
				IPHONEOS_DEPLOYMENT_TARGET = 17.0;
				LD_RUNPATH_SEARCH_PATHS = ("$(inherited)", "@executable_path/Frameworks", "@loader_path/Frameworks");
				PRODUCT_BUNDLE_IDENTIFIER = com.example.ObdJeepTests;
				PRODUCT_NAME = "$(TARGET_NAME)";
				SWIFT_VERSION = 5.0;
				TARGETED_DEVICE_FAMILY = "1";
				TEST_HOST = "$(BUILT_PRODUCTS_DIR)/ObdJeep.app/$(BUNDLE_EXECUTABLE_FOLDER_PATH)/ObdJeep";
			};
			name = Release;
		};
/* End XCBuildConfiguration section */

/* Begin XCConfigurationList section */
		A90000000000000000000001 /* Build configuration list for PBXProject "ObdJeep" */ = {isa = XCConfigurationList; buildConfigurations = (AD0000000000000000000001 /* Debug */, AD0000000000000000000002 /* Release */); defaultConfigurationIsVisible = 0; defaultConfigurationName = Release; };
		A90000000000000000000002 /* Build configuration list for PBXNativeTarget "ObdJeep" */ = {isa = XCConfigurationList; buildConfigurations = (AD0000000000000000000003 /* Debug */, AD0000000000000000000004 /* Release */); defaultConfigurationIsVisible = 0; defaultConfigurationName = Release; };
		A90000000000000000000005 /* Build configuration list for PBXNativeTarget "ObdJeepTests" */ = {isa = XCConfigurationList; buildConfigurations = (AD0000000000000000000005 /* Debug */, AD0000000000000000000006 /* Release */); defaultConfigurationIsVisible = 0; defaultConfigurationName = Release; };
/* End XCConfigurationList section */
	};
	rootObject = A40000000000000000000001 /* Project object */;
}
